
Microsoft Visual Studio Solution File, Format Version 12.00
# Visual Studio Version 16
VisualStudioVersion = 16.0.30413.136
MinimumVisualStudioVersion = 10.0.40219.1
Project("{888888A0-9F3D-457C-B088-3A5042F75D52}") = "PythonEvi1", "PythonEvi1.pyproj", "{7C21BD5A-0E43-43F5-94E3-365A76E441D0}"
EndProject
Global
	GlobalSection(SolutionConfigurationPlatforms) = preSolution
		Debug|Any CPU = Debug|Any CPU
		Release|Any CPU = Release|Any CPU
	EndGlobalSection
	GlobalSection(ProjectConfigurationPlatforms) = postSolution
		{7C21BD5A-0E43-43F5-94E3-365A76E441D0}.Debug|Any CPU.ActiveCfg = Debug|Any CPU
		{7C21BD5A-0E43-43F5-94E3-365A76E441D0}.Release|Any CPU.ActiveCfg = Release|Any CPU
	EndGlobalSection
	GlobalSection(SolutionProperties) = preSolution
		HideSolutionNode = FALSE
	EndGlobalSection
	GlobalSection(ExtensibilityGlobals) = postSolution
		SolutionGuid = {EFE2D84B-E09E-4D56-A049-52630465305B}
	EndGlobalSection
EndGlobal
